
Microsoft Visual Studio Solution File, Format Version 12.00
# Visual Studio Version 16
VisualStudioVersion = 16.0.31515.178
MinimumVisualStudioVersion = 10.0.40219.1
Project("{FAE04EC0-301F-11D3-BF4B-00C04F79EFBC}") = "GameSalesPlatform", "GameSalesPlatform\GameSalesPlatform.csproj", "{1971A17B-26CE-401D-98C9-07C0E800F2EC}"
EndProject
Global
	GlobalSection(SolutionConfigurationPlatforms) = preSolution
		Debug|Any CPU = Debug|Any CPU
		Release|Any CPU = Release|Any CPU
	EndGlobalSection
	GlobalSection(ProjectConfigurationPlatforms) = postSolution
		{1971A17B-26CE-401D-98C9-07C0E800F2EC}.Debug|Any CPU.ActiveCfg = Debug|Any CPU
		{1971A17B-26CE-401D-98C9-07C0E800F2EC}.Debug|Any CPU.Build.0 = Debug|Any CPU
		{1971A17B-26CE-401D-98C9-07C0E800F2EC}.Release|Any CPU.ActiveCfg = Release|Any CPU
		{1971A17B-26CE-401D-98C9-07C0E800F2EC}.Release|Any CPU.Build.0 = Release|Any CPU
	EndGlobalSection
	GlobalSection(SolutionProperties) = preSolution
		HideSolutionNode = FALSE
	EndGlobalSection
	GlobalSection(ExtensibilityGlobals) = postSolution
		SolutionGuid = {A12F88CD-F30F-4C48-A142-93A9CE05A041}
	EndGlobalSection
EndGlobal
